
Microsoft Visual Studio Solution File, Format Version 12.00
# Visual Studio 15
VisualStudioVersion = 15.0.28307.329
MinimumVisualStudioVersion = 10.0.40219.1
Project("{F2A71F9B-5D33-465A-A702-920D77279786}") = "fsharp-car", "fsharp-car\fsharp-car.fsproj", "{66E78B1D-B9CF-4C6C-A276-52AD59CC3279}"
EndProject
Global
	GlobalSection(SolutionConfigurationPlatforms) = preSolution
		Debug|Any CPU = Debug|Any CPU
		Release|Any CPU = Release|Any CPU
	EndGlobalSection
	GlobalSection(ProjectConfigurationPlatforms) = postSolution
		{66E78B1D-B9CF-4C6C-A276-52AD59CC3279}.Debug|Any CPU.ActiveCfg = Debug|Any CPU
		{66E78B1D-B9CF-4C6C-A276-52AD59CC3279}.Debug|Any CPU.Build.0 = Debug|Any CPU
		{66E78B1D-B9CF-4C6C-A276-52AD59CC3279}.Release|Any CPU.ActiveCfg = Release|Any CPU
		{66E78B1D-B9CF-4C6C-A276-52AD59CC3279}.Release|Any CPU.Build.0 = Release|Any CPU
	EndGlobalSection
	GlobalSection(SolutionProperties) = preSolution
		HideSolutionNode = FALSE
	EndGlobalSection
	GlobalSection(ExtensibilityGlobals) = postSolution
		SolutionGuid = {E529ADD8-A33E-43DB-8EAB-663F9731A64E}
	EndGlobalSection
EndGlobal
